
Microsoft Visual Studio Solution File, Format Version 12.00
# Visual Studio Version 16
VisualStudioVersion = 16.0.29905.134
MinimumVisualStudioVersion = 10.0.40219.1
Project("{FAE04EC0-301F-11D3-BF4B-00C04F79EFBC}") = "GradientButtonDemo.Android", "GradientButtonDemo\GradientButtonDemo.Android\GradientButtonDemo.Android.csproj", "{AE1CEF83-AADD-49F7-A685-B40E2C0839BD}"
EndProject
Project("{FAE04EC0-301F-11D3-BF4B-00C04F79EFBC}") = "GradientButtonDemo.iOS", "GradientButtonDemo\GradientButtonDemo.iOS\GradientButtonDemo.iOS.csproj", "{C068A5AA-01AA-4C28-9119-27E6523B0CA2}"
EndProject
Project("{FAE04EC0-301F-11D3-BF4B-00C04F79EFBC}") = "GradientButtonDemo", "GradientButtonDemo\GradientButtonDemo\GradientButtonDemo.csproj", "{C263E1BA-6176-4841-9A5C-C60E0F54E47A}"
EndProject
Global
	GlobalSection(SolutionConfigurationPlatforms) = preSolution
		Debug|Any CPU = Debug|Any CPU
		Debug|iPhone = Debug|iPhone
		Debug|iPhoneSimulator = Debug|iPhoneSimulator
		Release|Any CPU = Release|Any CPU
		Release|iPhone = Release|iPhone
		Release|iPhoneSimulator = Release|iPhoneSimulator
	EndGlobalSection
	GlobalSection(ProjectConfigurationPlatforms) = postSolution
		{AE1CEF83-AADD-49F7-A685-B40E2C0839BD}.Debug|Any CPU.ActiveCfg = Debug|Any CPU
		{AE1CEF83-AADD-49F7-A685-B40E2C0839BD}.Debug|Any CPU.Build.0 = Debug|Any CPU
		{AE1CEF83-AADD-49F7-A685-B40E2C0839BD}.Debug|Any CPU.Deploy.0 = Debug|Any CPU
		{AE1CEF83-AADD-49F7-A685-B40E2C0839BD}.Debug|iPhone.ActiveCfg = Debug|Any CPU
		{AE1CEF83-AADD-49F7-A685-B40E2C0839BD}.Debug|iPhone.Build.0 = Debug|Any CPU
		{AE1CEF83-AADD-49F7-A685-B40E2C0839BD}.Debug|iPhone.Deploy.0 = Debug|Any CPU
		{AE1CEF83-AADD-49F7-A685-B40E2C0839BD}.Debug|iPhoneSimulator.ActiveCfg = Debug|Any CPU
		{AE1CEF83-AADD-49F7-A685-B40E2C0839BD}.Debug|iPhoneSimulator.Build.0 = Debug|Any CPU
		{AE1CEF83-AADD-49F7-A685-B40E2C0839BD}.Debug|iPhoneSimulator.Deploy.0 = Debug|Any CPU
		{AE1CEF83-AADD-49F7-A685-B40E2C0839BD}.Release|Any CPU.ActiveCfg = Release|Any CPU
		{AE1CEF83-AADD-49F7-A685-B40E2C0839BD}.Release|Any CPU.Build.0 = Release|Any CPU
		{AE1CEF83-AADD-49F7-A685-B40E2C0839BD}.Release|Any CPU.Deploy.0 = Release|Any CPU
		{AE1CEF83-AADD-49F7-A685-B40E2C0839BD}.Release|iPhone.ActiveCfg = Release|Any CPU
		{AE1CEF83-AADD-49F7-A685-B40E2C0839BD}.Release|iPhone.Build.0 = Release|Any CPU
		{AE1CEF83-AADD-49F7-A685-B40E2C0839BD}.Release|iPhone.Deploy.0 = Release|Any CPU
		{AE1CEF83-AADD-49F7-A685-B40E2C0839BD}.Release|iPhoneSimulator.ActiveCfg = Release|Any CPU
		{AE1CEF83-AADD-49F7-A685-B40E2C0839BD}.Release|iPhoneSimulator.Build.0 = Release|Any CPU
		{AE1CEF83-AADD-49F7-A685-B40E2C0839BD}.Release|iPhoneSimulator.Deploy.0 = Release|Any CPU
		{C068A5AA-01AA-4C28-9119-27E6523B0CA2}.Debug|Any CPU.ActiveCfg = Debug|iPhoneSimulator
		{C068A5AA-01AA-4C28-9119-27E6523B0CA2}.Debug|Any CPU.Build.0 = Debug|iPhoneSimulator
		{C068A5AA-01AA-4C28-9119-27E6523B0CA2}.Debug|Any CPU.Deploy.0 = Debug|iPhoneSimulator
		{C068A5AA-01AA-4C28-9119-27E6523B0CA2}.Debug|iPhone.ActiveCfg = Debug|iPhone
		{C068A5AA-01AA-4C28-9119-27E6523B0CA2}.Debug|iPhone.Build.0 = Debug|iPhone
		{C068A5AA-01AA-4C28-9119-27E6523B0CA2}.Debug|iPhone.Deploy.0 = Debug|iPhone
		{C068A5AA-01AA-4C28-9119-27E6523B0CA2}.Debug|iPhoneSimulator.ActiveCfg = Debug|iPhoneSimulator
		{C068A5AA-01AA-4C28-9119-27E6523B0CA2}.Debug|iPhoneSimulator.Build.0 = Debug|iPhoneSimulator
		{C068A5AA-01AA-4C28-9119-27E6523B0CA2}.Debug|iPhoneSimulator.Deploy.0 = Debug|iPhoneSimulator
		{C068A5AA-01AA-4C28-9119-27E6523B0CA2}.Release|Any CPU.ActiveCfg = Release|iPhone
		{C068A5AA-01AA-4C28-9119-27E6523B0CA2}.Release|Any CPU.Build.0 = Release|iPhone
		{C068A5AA-01AA-4C28-9119-27E6523B0CA2}.Release|Any CPU.Deploy.0 = Release|iPhone
		{C068A5AA-01AA-4C28-9119-27E6523B0CA2}.Release|iPhone.ActiveCfg = Release|iPhone
		{C068A5AA-01AA-4C28-9119-27E6523B0CA2}.Release|iPhone.Build.0 = Release|iPhone
		{C068A5AA-01AA-4C28-9119-27E6523B0CA2}.Release|iPhone.Deploy.0 = Release|iPhone
		{C068A5AA-01AA-4C28-9119-27E6523B0CA2}.Release|iPhoneSimulator.ActiveCfg = Release|iPhoneSimulator
		{C068A5AA-01AA-4C28-9119-27E6523B0CA2}.Release|iPhoneSimulator.Build.0 = Release|iPhoneSimulator
		{C068A5AA-01AA-4C28-9119-27E6523B0CA2}.Release|iPhoneSimulator.Deploy.0 = Release|iPhoneSimulator
		{C263E1BA-6176-4841-9A5C-C60E0F54E47A}.Debug|Any CPU.ActiveCfg = Debug|Any CPU
		{C263E1BA-6176-4841-9A5C-C60E0F54E47A}.Debug|Any CPU.Build.0 = Debug|Any CPU
		{C263E1BA-6176-4841-9A5C-C60E0F54E47A}.Debug|Any CPU.Deploy.0 = Debug|Any CPU
		{C263E1BA-6176-4841-9A5C-C60E0F54E47A}.Debug|iPhone.ActiveCfg = Debug|Any CPU
		{C263E1BA-6176-4841-9A5C-C60E0F54E47A}.Debug|iPhone.Build.0 = Debug|Any CPU
		{C263E1BA-6176-4841-9A5C-C60E0F54E47A}.Debug|iPhone.Deploy.0 = Debug|Any CPU
		{C263E1BA-6176-4841-9A5C-C60E0F54E47A}.Debug|iPhoneSimulator.ActiveCfg = Debug|Any CPU
		{C263E1BA-6176-4841-9A5C-C60E0F54E47A}.Debug|iPhoneSimulator.Build.0 = Debug|Any CPU
		{C263E1BA-6176-4841-9A5C-C60E0F54E47A}.Debug|iPhoneSimulator.Deploy.0 = Debug|Any CPU
		{C263E1BA-6176-4841-9A5C-C60E0F54E47A}.Release|Any CPU.ActiveCfg = Release|Any CPU
		{C263E1BA-6176-4841-9A5C-C60E0F54E47A}.Release|Any CPU.Build.0 = Release|Any CPU
		{C263E1BA-6176-4841-9A5C-C60E0F54E47A}.Release|Any CPU.Deploy.0 = Release|Any CPU
		{C263E1BA-6176-4841-9A5C-C60E0F54E47A}.Release|iPhone.ActiveCfg = Release|Any CPU
		{C263E1BA-6176-4841-9A5C-C60E0F54E47A}.Release|iPhone.Build.0 = Release|Any CPU
		{C263E1BA-6176-4841-9A5C-C60E0F54E47A}.Release|iPhone.Deploy.0 = Release|Any CPU
		{C263E1BA-6176-4841-9A5C-C60E0F54E47A}.Release|iPhoneSimulator.ActiveCfg = Release|Any CPU
		{C263E1BA-6176-4841-9A5C-C60E0F54E47A}.Release|iPhoneSimulator.Build.0 = Release|Any CPU
		{C263E1BA-6176-4841-9A5C-C60E0F54E47A}.Release|iPhoneSimulator.Deploy.0 = Release|Any CPU
	EndGlobalSection
	GlobalSection(SolutionProperties) = preSolution
		HideSolutionNode = FALSE
	EndGlobalSection
	GlobalSection(ExtensibilityGlobals) = postSolution
		SolutionGuid = {448E6761-8B2E-49CD-9E5C-78631EDC6B9E}
	EndGlobalSection
EndGlobal
